
Microsoft Visual Studio Solution File, Format Version 12.00
# Visual Studio Version 16
VisualStudioVersion = 16.0.29613.14
MinimumVisualStudioVersion = 10.0.40219.1
Project("{FAE04EC0-301F-11D3-BF4B-00C04F79EFBC}") = "AuthServe", "AuthServe.csproj", "{1A4B3317-AD98-49D1-A9B3-3519BA6A4FCC}"
EndProject
Global
	GlobalSection(SolutionConfigurationPlatforms) = preSolution
		Debug|Any CPU = Debug|Any CPU
		Release|Any CPU = Release|Any CPU
	EndGlobalSection
	GlobalSection(ProjectConfigurationPlatforms) = postSolution
		{1A4B3317-AD98-49D1-A9B3-3519BA6A4FCC}.Debug|Any CPU.ActiveCfg = Debug|Any CPU
		{1A4B3317-AD98-49D1-A9B3-3519BA6A4FCC}.Debug|Any CPU.Build.0 = Debug|Any CPU
		{1A4B3317-AD98-49D1-A9B3-3519BA6A4FCC}.Release|Any CPU.ActiveCfg = Release|Any CPU
		{1A4B3317-AD98-49D1-A9B3-3519BA6A4FCC}.Release|Any CPU.Build.0 = Release|Any CPU
	EndGlobalSection
	GlobalSection(SolutionProperties) = preSolution
		HideSolutionNode = FALSE
	EndGlobalSection
	GlobalSection(ExtensibilityGlobals) = postSolution
		SolutionGuid = {FBE0E9EC-C93B-4924-A320-A229D29D4E13}
	EndGlobalSection
EndGlobal
